{
  "name": "js-commonjs-playground",
  "version": "1.0.0",
  "lockfileVersion": 3,
  "requires": true,
  "packages": {
    "": {
      "name": "js-commonjs-playground",
      "version": "1.0.0",
      "license": "ISC",
      "dependencies": {
        "@yellowcab/js-commonjs-lib": "^1.0.1",
        "@yellowcab/js-esm-lib": "^1.0.1",
        "@yellowcab/js-explicit-hybrid-lib": "^1.0.4",
        "@yellowcab/js-hybrid-lib": "^1.0.3",
        "@yellowcab/ts-hybrid-lib": "^1.0.0"
      }
    },
    "node_modules/@yellowcab/js-commonjs-lib": {
      "version": "1.0.1",
      "resolved": "https://registry.npmjs.org/@yellowcab/js-commonjs-lib/-/js-commonjs-lib-1.0.1.tgz",
      "integrity": "sha512-P5IKfAlzYJ5WGuX/3QiwERUrw5La+ZJIjpSYkF8eGpln3seFdaJC08Ou0bJ/GNUrBJ32AUyPCfV9PYNHF9VSOw=="
    },
    "node_modules/@yellowcab/js-esm-lib": {
      "version": "1.0.1",
      "resolved": "https://registry.npmjs.org/@yellowcab/js-esm-lib/-/js-esm-lib-1.0.1.tgz",
      "integrity": "sha512-4IDqLYGEn3GjidWw3KUB3nnECKHq4ryACYJNrOXaWyN0nt5gx7bmjHIyYpWOWsx+ov5f+ThFFamx/INsWWTTxg=="
    },
    "node_modules/@yellowcab/js-explicit-hybrid-lib": {
      "version": "1.0.4",
      "resolved": "https://registry.npmjs.org/@yellowcab/js-explicit-hybrid-lib/-/js-explicit-hybrid-lib-1.0.4.tgz",
      "integrity": "sha512-OB/lBZ7Uz1jNp7YoCa5vZk5aR83eVh/xQlVGlVyXtj4OcoMKJQfFluRDQUI4/W1gPLJMGtfdGMRY9I+YMz8r/A=="
    },
    "node_modules/@yellowcab/js-hybrid-lib": {
      "version": "1.0.3",
      "resolved": "https://registry.npmjs.org/@yellowcab/js-hybrid-lib/-/js-hybrid-lib-1.0.3.tgz",
      "integrity": "sha512-t3/im/4mLy1ybuFQLqlxo7nLH919BguEpbdR4OxDIjem0WFfW/dDl73IbJfPdrRwdUjTHgICEmKlOB+gueWKLw=="
    },
    "node_modules/@yellowcab/ts-hybrid-lib": {
      "version": "1.0.0",
      "resolved": "https://registry.npmjs.org/@yellowcab/ts-hybrid-lib/-/ts-hybrid-lib-1.0.0.tgz",
      "integrity": "sha512-bJ6OEcCHUkr0ClOt72fXe1ggU47YfIe/uI0AEE9WMaUf9p7D8DKvIRwGEnJemCt40LGhvmUHZrgkRgC/O3nmNA=="
    }
  }
}
